// !$*UTF8*$!
{
	archiveVersion = 1;
	classes = {
	};
	objectVersion = 51;
	objects = {

/* Begin PBXBuildFile section */
		192CF9BBE991A1172945FB92 /* Pods_InstagramTests.framework in Frameworks */ = {isa = PBXBuildFile; fileRef = 4DA57AF3BC9014E6CC530E6F /* Pods_InstagramTests.framework */; };
		4C897B2B250176331B0FF566 /* Pods_Instagram.framework in Frameworks */ = {isa = PBXBuildFile; fileRef = 0D2F78B042ED8A1BE615E4A9 /* Pods_Instagram.framework */; };
		784203862694FD42003285F6 /* LoginViewController.m in Sources */ = {isa = PBXBuildFile; fileRef = 784203852694FD42003285F6 /* LoginViewController.m */; };
		7842038926950BE9003285F6 /* FeedViewController.m in Sources */ = {isa = PBXBuildFile; fileRef = 7842038826950BE9003285F6 /* FeedViewController.m */; };
		7842038C2695173B003285F6 /* ComposeViewController.m in Sources */ = {isa = PBXBuildFile; fileRef = 7842038B2695173B003285F6 /* ComposeViewController.m */; };
		7842038F2695322A003285F6 /* Post.m in Sources */ = {isa = PBXBuildFile; fileRef = 7842038E2695322A003285F6 /* Post.m */; };
		7842039226962F97003285F6 /* PostCell.m in Sources */ = {isa = PBXBuildFile; fileRef = 7842039126962F97003285F6 /* PostCell.m */; };
		785D060F2694EB4100A02D39 /* AppDelegate.m in Sources */ = {isa = PBXBuildFile; fileRef = 785D060E2694EB4100A02D39 /* AppDelegate.m */; };
		785D06122694EB4100A02D39 /* SceneDelegate.m in Sources */ = {isa = PBXBuildFile; fileRef = 785D06112694EB4100A02D39 /* SceneDelegate.m */; };
		785D06152694EB4100A02D39 /* ViewController.m in Sources */ = {isa = PBXBuildFile; fileRef = 785D06142694EB4100A02D39 /* ViewController.m */; };
		785D06182694EB4100A02D39 /* Main.storyboard in Resources */ = {isa = PBXBuildFile; fileRef = 785D06162694EB4100A02D39 /* Main.storyboard */; };
		785D061A2694EB4200A02D39 /* Assets.xcassets in Resources */ = {isa = PBXBuildFile; fileRef = 785D06192694EB4200A02D39 /* Assets.xcassets */; };
		785D061D2694EB4200A02D39 /* LaunchScreen.storyboard in Resources */ = {isa = PBXBuildFile; fileRef = 785D061B2694EB4200A02D39 /* LaunchScreen.storyboard */; };
		785D06202694EB4200A02D39 /* main.m in Sources */ = {isa = PBXBuildFile; fileRef = 785D061F2694EB4200A02D39 /* main.m */; };
		785D062A2694EB4200A02D39 /* InstagramTests.m in Sources */ = {isa = PBXBuildFile; fileRef = 785D06292694EB4200A02D39 /* InstagramTests.m */; };
		785D06352694EB4200A02D39 /* InstagramUITests.m in Sources */ = {isa = PBXBuildFile; fileRef = 785D06342694EB4200A02D39 /* InstagramUITests.m */; };
		CD33A59A062FAB9377D7C29D /* Pods_Instagram_InstagramUITests.framework in Frameworks */ = {isa = PBXBuildFile; fileRef = 2F8BC1139FFBAF3891C69F44 /* Pods_Instagram_InstagramUITests.framework */; };
/* End PBXBuildFile section */

/* Begin PBXContainerItemProxy section */
		785D06262694EB4200A02D39 /* PBXContainerItemProxy */ = {
			isa = PBXContainerItemProxy;
			containerPortal = 785D06022694EB4100A02D39 /* Project object */;
			proxyType = 1;
			remoteGlobalIDString = 785D06092694EB4100A02D39;
			remoteInfo = Instagram;
		};
		785D06312694EB4200A02D39 /* PBXContainerItemProxy */ = {
			isa = PBXContainerItemProxy;
			containerPortal = 785D06022694EB4100A02D39 /* Project object */;
			proxyType = 1;
			remoteGlobalIDString = 785D06092694EB4100A02D39;
			remoteInfo = Instagram;
		};
/* End PBXContainerItemProxy section */

/* Begin PBXFileReference section */
		0D2F78B042ED8A1BE615E4A9 /* Pods_Instagram.framework */ = {isa = PBXFileReference; explicitFileType = wrapper.framework; includeInIndex = 0; path = Pods_Instagram.framework; sourceTree = BUILT_PRODUCTS_DIR; };
		231FEC2CA6CB59D3724A1946 /* Pods-Instagram.debug.xcconfig */ = {isa = PBXFileReference; includeInIndex = 1; lastKnownFileType = text.xcconfig; name = "Pods-Instagram.debug.xcconfig"; path = "Target Support Files/Pods-Instagram/Pods-Instagram.debug.xcconfig"; sourceTree = "<group>"; };
		25294A9CA1C6164145B3F5B6 /* Pods-Instagram-InstagramUITests.debug.xcconfig */ = {isa = PBXFileReference; includeInIndex = 1; lastKnownFileType = text.xcconfig; name = "Pods-Instagram-InstagramUITests.debug.xcconfig"; path = "Target Support Files/Pods-Instagram-InstagramUITests/Pods-Instagram-InstagramUITests.debug.xcconfig"; sourceTree = "<group>"; };
		2F8BC1139FFBAF3891C69F44 /* Pods_Instagram_InstagramUITests.framework */ = {isa = PBXFileReference; explicitFileType = wrapper.framework; includeInIndex = 0; path = Pods_Instagram_InstagramUITests.framework; sourceTree = BUILT_PRODUCTS_DIR; };
		4DA57AF3BC9014E6CC530E6F /* Pods_InstagramTests.framework */ = {isa = PBXFileReference; explicitFileType = wrapper.framework; includeInIndex = 0; path = Pods_InstagramTests.framework; sourceTree = BUILT_PRODUCTS_DIR; };
		784203842694FD42003285F6 /* LoginViewController.h */ = {isa = PBXFileReference; lastKnownFileType = sourcecode.c.h; path = LoginViewController.h; sourceTree = "<group>"; };
		784203852694FD42003285F6 /* LoginViewController.m */ = {isa = PBXFileReference; lastKnownFileType = sourcecode.c.objc; path = LoginViewController.m; sourceTree = "<group>"; };
		7842038726950BE9003285F6 /* FeedViewController.h */ = {isa = PBXFileReference; lastKnownFileType = sourcecode.c.h; path = FeedViewController.h; sourceTree = "<group>"; };
		7842038826950BE9003285F6 /* FeedViewController.m */ = {isa = PBXFileReference; lastKnownFileType = sourcecode.c.objc; path = FeedViewController.m; sourceTree = "<group>"; };
		7842038A2695173B003285F6 /* ComposeViewController.h */ = {isa = PBXFileReference; lastKnownFileType = sourcecode.c.h; path = ComposeViewController.h; sourceTree = "<group>"; };
		7842038B2695173B003285F6 /* ComposeViewController.m */ = {isa = PBXFileReference; lastKnownFileType = sourcecode.c.objc; path = ComposeViewController.m; sourceTree = "<group>"; };
		7842038D2695322A003285F6 /* Post.h */ = {isa = PBXFileReference; lastKnownFileType = sourcecode.c.h; path = Post.h; sourceTree = "<group>"; };
		7842038E2695322A003285F6 /* Post.m */ = {isa = PBXFileReference; lastKnownFileType = sourcecode.c.objc; path = Post.m; sourceTree = "<group>"; };
		7842039026962F97003285F6 /* PostCell.h */ = {isa = PBXFileReference; lastKnownFileType = sourcecode.c.h; path = PostCell.h; sourceTree = "<group>"; };
		7842039126962F97003285F6 /* PostCell.m */ = {isa = PBXFileReference; lastKnownFileType = sourcecode.c.objc; path = PostCell.m; sourceTree = "<group>"; };
		785D060A2694EB4100A02D39 /* Instagram.app */ = {isa = PBXFileReference; explicitFileType = wrapper.application; includeInIndex = 0; path = Instagram.app; sourceTree = BUILT_PRODUCTS_DIR; };
		785D060D2694EB4100A02D39 /* AppDelegate.h */ = {isa = PBXFileReference; lastKnownFileType = sourcecode.c.h; path = AppDelegate.h; sourceTree = "<group>"; };
		785D060E2694EB4100A02D39 /* AppDelegate.m */ = {isa = PBXFileReference; lastKnownFileType = sourcecode.c.objc; path = AppDelegate.m; sourceTree = "<group>"; };
		785D06102694EB4100A02D39 /* SceneDelegate.h */ = {isa = PBXFileReference; lastKnownFileType = sourcecode.c.h; path = SceneDelegate.h; sourceTree = "<group>"; };
		785D06112694EB4100A02D39 /* SceneDelegate.m */ = {isa = PBXFileReference; lastKnownFileType = sourcecode.c.objc; path = SceneDelegate.m; sourceTree = "<group>"; };
		785D06132694EB4100A02D39 /* ViewController.h */ = {isa = PBXFileReference; lastKnownFileType = sourcecode.c.h; path = ViewController.h; sourceTree = "<group>"; };
		785D06142694EB4100A02D39 /* ViewController.m */ = {isa = PBXFileReference; lastKnownFileType = sourcecode.c.objc; path = ViewController.m; sourceTree = "<group>"; };
		785D06172694EB4100A02D39 /* Base */ = {isa = PBXFileReference; lastKnownFileType = file.storyboard; name = Base; path = Base.lproj/Main.storyboard; sourceTree = "<group>"; };
		785D06192694EB4200A02D39 /* Assets.xcassets */ = {isa = PBXFileReference; lastKnownFileType = folder.assetcatalog; path = Assets.xcassets; sourceTree = "<group>"; };
		785D061C2694EB4200A02D39 /* Base */ = {isa = PBXFileReference; lastKnownFileType = file.storyboard; name = Base; path = Base.lproj/LaunchScreen.storyboard; sourceTree = "<group>"; };
		785D061E2694EB4200A02D39 /* Info.plist */ = {isa = PBXFileReference; lastKnownFileType = text.plist.xml; path = Info.plist; sourceTree = "<group>"; };
		785D061F2694EB4200A02D39 /* main.m */ = {isa = PBXFileReference; lastKnownFileType = sourcecode.c.objc; path = main.m; sourceTree = "<group>"; };
		785D06252694EB4200A02D39 /* InstagramTests.xctest */ = {isa = PBXFileReference; explicitFileType = wrapper.cfbundle; includeInIndex = 0; path = InstagramTests.xctest; sourceTree = BUILT_PRODUCTS_DIR; };
		785D06292694EB4200A02D39 /* InstagramTests.m */ = {isa = PBXFileReference; lastKnownFileType = sourcecode.c.objc; path = InstagramTests.m; sourceTree = "<group>"; };
		785D062B2694EB4200A02D39 /* Info.plist */ = {isa = PBXFileReference; lastKnownFileType = text.plist.xml; path = Info.plist; sourceTree = "<group>"; };
		785D06302694EB4200A02D39 /* InstagramUITests.xctest */ = {isa = PBXFileReference; explicitFileType = wrapper.cfbundle; includeInIndex = 0; path = InstagramUITests.xctest; sourceTree = BUILT_PRODUCTS_DIR; };
		785D06342694EB4200A02D39 /* InstagramUITests.m */ = {isa = PBXFileReference; lastKnownFileType = sourcecode.c.objc; path = InstagramUITests.m; sourceTree = "<group>"; };
		785D06362694EB4200A02D39 /* Info.plist */ = {isa = PBXFileReference; lastKnownFileType = text.plist.xml; path = Info.plist; sourceTree = "<group>"; };
		7DA58F1A6A4094A64C6AEBB0 /* Pods-InstagramTests.release.xcconfig */ = {isa = PBXFileReference; includeInIndex = 1; lastKnownFileType = text.xcconfig; name = "Pods-InstagramTests.release.xcconfig"; path = "Target Support Files/Pods-InstagramTests/Pods-InstagramTests.release.xcconfig"; sourceTree = "<group>"; };
		9E4C4059BAF688A1C7D64224 /* Pods-InstagramTests.debug.xcconfig */ = {isa = PBXFileReference; includeInIndex = 1; lastKnownFileType = text.xcconfig; name = "Pods-InstagramTests.debug.xcconfig"; path = "Target Support Files/Pods-InstagramTests/Pods-InstagramTests.debug.xcconfig"; sourceTree = "<group>"; };
		DD41CAC51BA660ECD6EED005 /* Pods-Instagram-InstagramUITests.release.xcconfig */ = {isa = PBXFileReference; includeInIndex = 1; lastKnownFileType = text.xcconfig; name = "Pods-Instagram-InstagramUITests.release.xcconfig"; path = "Target Support Files/Pods-Instagram-InstagramUITests/Pods-Instagram-InstagramUITests.release.xcconfig"; sourceTree = "<group>"; };
		F78AB0E723BB5CD59851F1B7 /* Pods-Instagram.release.xcconfig */ = {isa = PBXFileReference; includeInIndex = 1; lastKnownFileType = text.xcconfig; name = "Pods-Instagram.release.xcconfig"; path = "Target Support Files/Pods-Instagram/Pods-Instagram.release.xcconfig"; sourceTree = "<group>"; };
/* End PBXFileReference section */

/* Begin PBXFrameworksBuildPhase section */
		785D06072694EB4100A02D39 /* Frameworks */ = {
			isa = PBXFrameworksBuildPhase;
			buildActionMask = 2147483647;
			files = (
				4C897B2B250176331B0FF566 /* Pods_Instagram.framework in Frameworks */,
			);
			runOnlyForDeploymentPostprocessing = 0;
		};
		785D06222694EB4200A02D39 /* Frameworks */ = {
			isa = PBXFrameworksBuildPhase;
			buildActionMask = 2147483647;
			files = (
				192CF9BBE991A1172945FB92 /* Pods_InstagramTests.framework in Frameworks */,
			);
			runOnlyForDeploymentPostprocessing = 0;
		};
		785D062D2694EB4200A02D39 /* Frameworks */ = {
			isa = PBXFrameworksBuildPhase;
			buildActionMask = 2147483647;
			files = (
				CD33A59A062FAB9377D7C29D /* Pods_Instagram_InstagramUITests.framework in Frameworks */,
			);
			runOnlyForDeploymentPostprocessing = 0;
		};
/* End PBXFrameworksBuildPhase section */

/* Begin PBXGroup section */
		785D06012694EB4100A02D39 = {
			isa = PBXGroup;
			children = (
				785D060C2694EB4100A02D39 /* Instagram */,
				785D06282694EB4200A02D39 /* InstagramTests */,
				785D06332694EB4200A02D39 /* InstagramUITests */,
				785D060B2694EB4100A02D39 /* Products */,
				CAB2F495AD209ADDE78A1D49 /* Pods */,
				D0EED6525D4950A3BA6F5BEA /* Frameworks */,
			);
			sourceTree = "<group>";
		};
		785D060B2694EB4100A02D39 /* Products */ = {
			isa = PBXGroup;
			children = (
				785D060A2694EB4100A02D39 /* Instagram.app */,
				785D06252694EB4200A02D39 /* InstagramTests.xctest */,
				785D06302694EB4200A02D39 /* InstagramUITests.xctest */,
			);
			name = Products;
			sourceTree = "<group>";
		};
		785D060C2694EB4100A02D39 /* Instagram */ = {
			isa = PBXGroup;
			children = (
				785D060D2694EB4100A02D39 /* AppDelegate.h */,
				785D060E2694EB4100A02D39 /* AppDelegate.m */,
				785D06102694EB4100A02D39 /* SceneDelegate.h */,
				785D06112694EB4100A02D39 /* SceneDelegate.m */,
				785D06132694EB4100A02D39 /* ViewController.h */,
				785D06142694EB4100A02D39 /* ViewController.m */,
				785D06162694EB4100A02D39 /* Main.storyboard */,
				7842038A2695173B003285F6 /* ComposeViewController.h */,
				7842038B2695173B003285F6 /* ComposeViewController.m */,
				7842038D2695322A003285F6 /* Post.h */,
				7842038E2695322A003285F6 /* Post.m */,
				7842038726950BE9003285F6 /* FeedViewController.h */,
				7842038826950BE9003285F6 /* FeedViewController.m */,
				7842039026962F97003285F6 /* PostCell.h */,
				7842039126962F97003285F6 /* PostCell.m */,
				784203842694FD42003285F6 /* LoginViewController.h */,
				784203852694FD42003285F6 /* LoginViewController.m */,
				785D06192694EB4200A02D39 /* Assets.xcassets */,
				785D061B2694EB4200A02D39 /* LaunchScreen.storyboard */,
				785D061E2694EB4200A02D39 /* Info.plist */,
				785D061F2694EB4200A02D39 /* main.m */,
			);
			path = Instagram;
			sourceTree = "<group>";
		};
		785D06282694EB4200A02D39 /* InstagramTests */ = {
			isa = PBXGroup;
			children = (
				785D06292694EB4200A02D39 /* InstagramTests.m */,
				785D062B2694EB4200A02D39 /* Info.plist */,
			);
			path = InstagramTests;
			sourceTree = "<group>";
		};
		785D06332694EB4200A02D39 /* InstagramUITests */ = {
			isa = PBXGroup;
			children = (
				785D06342694EB4200A02D39 /* InstagramUITests.m */,
				785D06362694EB4200A02D39 /* Info.plist */,
			);
			path = InstagramUITests;
			sourceTree = "<group>";
		};
		CAB2F495AD209ADDE78A1D49 /* Pods */ = {
			isa = PBXGroup;
			children = (
				231FEC2CA6CB59D3724A1946 /* Pods-Instagram.debug.xcconfig */,
				F78AB0E723BB5CD59851F1B7 /* Pods-Instagram.release.xcconfig */,
				25294A9CA1C6164145B3F5B6 /* Pods-Instagram-InstagramUITests.debug.xcconfig */,
				DD41CAC51BA660ECD6EED005 /* Pods-Instagram-InstagramUITests.release.xcconfig */,
				9E4C4059BAF688A1C7D64224 /* Pods-InstagramTests.debug.xcconfig */,
				7DA58F1A6A4094A64C6AEBB0 /* Pods-InstagramTests.release.xcconfig */,
			);
			path = Pods;
			sourceTree = "<group>";
		};
		D0EED6525D4950A3BA6F5BEA /* Frameworks */ = {
			isa = PBXGroup;
			children = (
				0D2F78B042ED8A1BE615E4A9 /* Pods_Instagram.framework */,
				2F8BC1139FFBAF3891C69F44 /* Pods_Instagram_InstagramUITests.framework */,
				4DA57AF3BC9014E6CC530E6F /* Pods_InstagramTests.framework */,
			);
			name = Frameworks;
			sourceTree = "<group>";
		};
/* End PBXGroup section */

/* Begin PBXNativeTarget section */
		785D06092694EB4100A02D39 /* Instagram */ = {
			isa = PBXNativeTarget;
			buildConfigurationList = 785D06392694EB4200A02D39 /* Build configuration list for PBXNativeTarget "Instagram" */;
			buildPhases = (
				3993B06C66764B1DEA6E219A /* [CP] Check Pods Manifest.lock */,
				785D06062694EB4100A02D39 /* Sources */,
				785D06072694EB4100A02D39 /* Frameworks */,
				785D06082694EB4100A02D39 /* Resources */,
				D3814366881DD1CF71BD3C4C /* [CP] Embed Pods Frameworks */,
			);
			buildRules = (
			);
			dependencies = (
			);
			name = Instagram;
			productName = Instagram;
			productReference = 785D060A2694EB4100A02D39 /* Instagram.app */;
			productType = "com.apple.product-type.application";
		};
		785D06242694EB4200A02D39 /* InstagramTests */ = {
			isa = PBXNativeTarget;
			buildConfigurationList = 785D063C2694EB4200A02D39 /* Build configuration list for PBXNativeTarget "InstagramTests" */;
			buildPhases = (
				F45B621B0E9B9337CDF45075 /* [CP] Check Pods Manifest.lock */,
				785D06212694EB4200A02D39 /* Sources */,
				785D06222694EB4200A02D39 /* Frameworks */,
				785D06232694EB4200A02D39 /* Resources */,
			);
			buildRules = (
			);
			dependencies = (
				785D06272694EB4200A02D39 /* PBXTargetDependency */,
			);
			name = InstagramTests;
			productName = InstagramTests;
			productReference = 785D06252694EB4200A02D39 /* InstagramTests.xctest */;
			productType = "com.apple.product-type.bundle.unit-test";
		};
		785D062F2694EB4200A02D39 /* InstagramUITests */ = {
			isa = PBXNativeTarget;
			buildConfigurationList = 785D063F2694EB4200A02D39 /* Build configuration list for PBXNativeTarget "InstagramUITests" */;
			buildPhases = (
				F0BAB952C3A5E223AD3CF574 /* [CP] Check Pods Manifest.lock */,
				785D062C2694EB4200A02D39 /* Sources */,
				785D062D2694EB4200A02D39 /* Frameworks */,
				785D062E2694EB4200A02D39 /* Resources */,
				AE1B4FE684A2083C5F13EDE8 /* [CP] Embed Pods Frameworks */,
			);
			buildRules = (
			);
			dependencies = (
				785D06322694EB4200A02D39 /* PBXTargetDependency */,
			);
			name = InstagramUITests;
			productName = InstagramUITests;
			productReference = 785D06302694EB4200A02D39 /* InstagramUITests.xctest */;
			productType = "com.apple.product-type.bundle.ui-testing";
		};
/* End PBXNativeTarget section */

/* Begin PBXProject section */
		785D06022694EB4100A02D39 /* Project object */ = {
			isa = PBXProject;
			attributes = {
				LastUpgradeCheck = 1250;
				TargetAttributes = {
					785D06092694EB4100A02D39 = {
						CreatedOnToolsVersion = 12.5.1;
					};
					785D06242694EB4200A02D39 = {
						CreatedOnToolsVersion = 12.5.1;
						TestTargetID = 785D06092694EB4100A02D39;
					};
					785D062F2694EB4200A02D39 = {
						CreatedOnToolsVersion = 12.5.1;
						TestTargetID = 785D06092694EB4100A02D39;
					};
				};
			};
			buildConfigurationList = 785D06052694EB4100A02D39 /* Build configuration list for PBXProject "Instagram" */;
			compatibilityVersion = "Xcode 9.3";
			developmentRegion = en;
			hasScannedForEncodings = 0;
			knownRegions = (
				en,
				Base,
			);
			mainGroup = 785D06012694EB4100A02D39;
			productRefGroup = 785D060B2694EB4100A02D39 /* Products */;
			projectDirPath = "";
			projectRoot = "";
			targets = (
				785D06092694EB4100A02D39 /* Instagram */,
				785D06242694EB4200A02D39 /* InstagramTests */,
				785D062F2694EB4200A02D39 /* InstagramUITests */,
			);
		};
/* End PBXProject section */

/* Begin PBXResourcesBuildPhase section */
		785D06082694EB4100A02D39 /* Resources */ = {
			isa = PBXResourcesBuildPhase;
			buildActionMask = 2147483647;
			files = (
				785D061D2694EB4200A02D39 /* LaunchScreen.storyboard in Resources */,
				785D061A2694EB4200A02D39 /* Assets.xcassets in Resources */,
				785D06182694EB4100A02D39 /* Main.storyboard in Resources */,
			);
			runOnlyForDeploymentPostprocessing = 0;
		};
		785D06232694EB4200A02D39 /* Resources */ = {
			isa = PBXResourcesBuildPhase;
			buildActionMask = 2147483647;
			files = (
			);
			runOnlyForDeploymentPostprocessing = 0;
		};
		785D062E2694EB4200A02D39 /* Resources */ = {
			isa = PBXResourcesBuildPhase;
			buildActionMask = 2147483647;
			files = (
			);
			runOnlyForDeploymentPostprocessing = 0;
		};
/* End PBXResourcesBuildPhase section */

/* Begin PBXShellScriptBuildPhase section */
		3993B06C66764B1DEA6E219A /* [CP] Check Pods Manifest.lock */ = {
			isa = PBXShellScriptBuildPhase;
			buildActionMask = 2147483647;
			files = (
			);
			inputFileListPaths = (
			);
			inputPaths = (
				"${PODS_PODFILE_DIR_PATH}/Podfile.lock",
				"${PODS_ROOT}/Manifest.lock",
			);
			name = "[CP] Check Pods Manifest.lock";
			outputFileListPaths = (
			);
			outputPaths = (
				"$(DERIVED_FILE_DIR)/Pods-Instagram-checkManifestLockResult.txt",
			);
			runOnlyForDeploymentPostprocessing = 0;
			shellPath = /bin/sh;
			shellScript = "diff \"${PODS_PODFILE_DIR_PATH}/Podfile.lock\" \"${PODS_ROOT}/Manifest.lock\" > /dev/null\nif [ $? != 0 ] ; then\n    # print error to STDERR\n    echo \"error: The sandbox is not in sync with the Podfile.lock. Run 'pod install' or update your CocoaPods installation.\" >&2\n    exit 1\nfi\n# This output is used by Xcode 'outputs' to avoid re-running this script phase.\necho \"SUCCESS\" > \"${SCRIPT_OUTPUT_FILE_0}\"\n";
			showEnvVarsInLog = 0;
		};
		AE1B4FE684A2083C5F13EDE8 /* [CP] Embed Pods Frameworks */ = {
			isa = PBXShellScriptBuildPhase;
			buildActionMask = 2147483647;
			files = (
			);
			inputFileListPaths = (
				"${PODS_ROOT}/Target Support Files/Pods-Instagram-InstagramUITests/Pods-Instagram-InstagramUITests-frameworks-${CONFIGURATION}-input-files.xcfilelist",
			);
			name = "[CP] Embed Pods Frameworks";
			outputFileListPaths = (
				"${PODS_ROOT}/Target Support Files/Pods-Instagram-InstagramUITests/Pods-Instagram-InstagramUITests-frameworks-${CONFIGURATION}-output-files.xcfilelist",
			);
			runOnlyForDeploymentPostprocessing = 0;
			shellPath = /bin/sh;
			shellScript = "\"${PODS_ROOT}/Target Support Files/Pods-Instagram-InstagramUITests/Pods-Instagram-InstagramUITests-frameworks.sh\"\n";
			showEnvVarsInLog = 0;
		};
		D3814366881DD1CF71BD3C4C /* [CP] Embed Pods Frameworks */ = {
			isa = PBXShellScriptBuildPhase;
			buildActionMask = 2147483647;
			files = (
			);
			inputFileListPaths = (
				"${PODS_ROOT}/Target Support Files/Pods-Instagram/Pods-Instagram-frameworks-${CONFIGURATION}-input-files.xcfilelist",
			);
			name = "[CP] Embed Pods Frameworks";
			outputFileListPaths = (
				"${PODS_ROOT}/Target Support Files/Pods-Instagram/Pods-Instagram-frameworks-${CONFIGURATION}-output-files.xcfilelist",
			);
			runOnlyForDeploymentPostprocessing = 0;
			shellPath = /bin/sh;
			shellScript = "\"${PODS_ROOT}/Target Support Files/Pods-Instagram/Pods-Instagram-frameworks.sh\"\n";
			showEnvVarsInLog = 0;
		};
		F0BAB952C3A5E223AD3CF574 /* [CP] Check Pods Manifest.lock */ = {
			isa = PBXShellScriptBuildPhase;
			buildActionMask = 2147483647;
			files = (
			);
			inputFileListPaths = (
			);
			inputPaths = (
				"${PODS_PODFILE_DIR_PATH}/Podfile.lock",
				"${PODS_ROOT}/Manifest.lock",
			);
			name = "[CP] Check Pods Manifest.lock";
			outputFileListPaths = (
			);
			outputPaths = (
				"$(DERIVED_FILE_DIR)/Pods-Instagram-InstagramUITests-checkManifestLockResult.txt",
			);
			runOnlyForDeploymentPostprocessing = 0;
			shellPath = /bin/sh;
			shellScript = "diff \"${PODS_PODFILE_DIR_PATH}/Podfile.lock\" \"${PODS_ROOT}/Manifest.lock\" > /dev/null\nif [ $? != 0 ] ; then\n    # print error to STDERR\n    echo \"error: The sandbox is not in sync with the Podfile.lock. Run 'pod install' or update your CocoaPods installation.\" >&2\n    exit 1\nfi\n# This output is used by Xcode 'outputs' to avoid re-running this script phase.\necho \"SUCCESS\" > \"${SCRIPT_OUTPUT_FILE_0}\"\n";
			showEnvVarsInLog = 0;
		};
		F45B621B0E9B9337CDF45075 /* [CP] Check Pods Manifest.lock */ = {
			isa = PBXShellScriptBuildPhase;
			buildActionMask = 2147483647;
			files = (
			);
			inputFileListPaths = (
			);
			inputPaths = (
				"${PODS_PODFILE_DIR_PATH}/Podfile.lock",
				"${PODS_ROOT}/Manifest.lock",
			);
			name = "[CP] Check Pods Manifest.lock";
			outputFileListPaths = (
			);
			outputPaths = (
				"$(DERIVED_FILE_DIR)/Pods-InstagramTests-checkManifestLockResult.txt",
			);
			runOnlyForDeploymentPostprocessing = 0;
			shellPath = /bin/sh;
			shellScript = "diff \"${PODS_PODFILE_DIR_PATH}/Podfile.lock\" \"${PODS_ROOT}/Manifest.lock\" > /dev/null\nif [ $? != 0 ] ; then\n    # print error to STDERR\n    echo \"error: The sandbox is not in sync with the Podfile.lock. Run 'pod install' or update your CocoaPods installation.\" >&2\n    exit 1\nfi\n# This output is used by Xcode 'outputs' to avoid re-running this script phase.\necho \"SUCCESS\" > \"${SCRIPT_OUTPUT_FILE_0}\"\n";
			showEnvVarsInLog = 0;
		};
/* End PBXShellScriptBuildPhase section */

/* Begin PBXSourcesBuildPhase section */
		785D06062694EB4100A02D39 /* Sources */ = {
			isa = PBXSourcesBuildPhase;
			buildActionMask = 2147483647;
			files = (
				785D06152694EB4100A02D39 /* ViewController.m in Sources */,
				785D060F2694EB4100A02D39 /* AppDelegate.m in Sources */,
				785D06202694EB4200A02D39 /* main.m in Sources */,
				785D06122694EB4100A02D39 /* SceneDelegate.m in Sources */,
				7842038C2695173B003285F6 /* ComposeViewController.m in Sources */,
				7842039226962F97003285F6 /* PostCell.m in Sources */,
				7842038926950BE9003285F6 /* FeedViewController.m in Sources */,
				784203862694FD42003285F6 /* LoginViewController.m in Sources */,
				7842038F2695322A003285F6 /* Post.m in Sources */,
			);
			runOnlyForDeploymentPostprocessing = 0;
		};
		785D06212694EB4200A02D39 /* Sources */ = {
			isa = PBXSourcesBuildPhase;
			buildActionMask = 2147483647;
			files = (
				785D062A2694EB4200A02D39 /* InstagramTests.m in Sources */,
			);
			runOnlyForDeploymentPostprocessing = 0;
		};
		785D062C2694EB4200A02D39 /* Sources */ = {
			isa = PBXSourcesBuildPhase;
			buildActionMask = 2147483647;
			files = (
				785D06352694EB4200A02D39 /* InstagramUITests.m in Sources */,
			);
			runOnlyForDeploymentPostprocessing = 0;
		};
/* End PBXSourcesBuildPhase section */

/* Begin PBXTargetDependency section */
		785D06272694EB4200A02D39 /* PBXTargetDependency */ = {
			isa = PBXTargetDependency;
			target = 785D06092694EB4100A02D39 /* Instagram */;
			targetProxy = 785D06262694EB4200A02D39 /* PBXContainerItemProxy */;
		};
		785D06322694EB4200A02D39 /* PBXTargetDependency */ = {
			isa = PBXTargetDependency;
			target = 785D06092694EB4100A02D39 /* Instagram */;
			targetProxy = 785D06312694EB4200A02D39 /* PBXContainerItemProxy */;
		};
/* End PBXTargetDependency section */

/* Begin PBXVariantGroup section */
		785D06162694EB4100A02D39 /* Main.storyboard */ = {
			isa = PBXVariantGroup;
			children = (
				785D06172694EB4100A02D39 /* Base */,
			);
			name = Main.storyboard;
			sourceTree = "<group>";
		};
		785D061B2694EB4200A02D39 /* LaunchScreen.storyboard */ = {
			isa = PBXVariantGroup;
			children = (
				785D061C2694EB4200A02D39 /* Base */,
			);
			name = LaunchScreen.storyboard;
			sourceTree = "<group>";
		};
/* End PBXVariantGroup section */

/* Begin XCBuildConfiguration section */
		785D06372694EB4200A02D39 /* Debug */ = {
			isa = XCBuildConfiguration;
			buildSettings = {
				ALWAYS_SEARCH_USER_PATHS = NO;
				CLANG_ANALYZER_NONNULL = YES;
				CLANG_ANALYZER_NUMBER_OBJECT_CONVERSION = YES_AGGRESSIVE;
				CLANG_CXX_LANGUAGE_STANDARD = "gnu++14";
				CLANG_CXX_LIBRARY = "libc++";
				CLANG_ENABLE_MODULES = YES;
				CLANG_ENABLE_OBJC_ARC = YES;
				CLANG_ENABLE_OBJC_WEAK = YES;
				CLANG_WARN_BLOCK_CAPTURE_AUTORELEASING = YES;
				CLANG_WARN_BOOL_CONVERSION = YES;
				CLANG_WARN_COMMA = YES;
				CLANG_WARN_CONSTANT_CONVERSION = YES;
				CLANG_WARN_DEPRECATED_OBJC_IMPLEMENTATIONS = YES;
				CLANG_WARN_DIRECT_OBJC_ISA_USAGE = YES_ERROR;
				CLANG_WARN_DOCUMENTATION_COMMENTS = YES;
				CLANG_WARN_EMPTY_BODY = YES;
				CLANG_WARN_ENUM_CONVERSION = YES;
				CLANG_WARN_INFINITE_RECURSION = YES;
				CLANG_WARN_INT_CONVERSION = YES;
				CLANG_WARN_NON_LITERAL_NULL_CONVERSION = YES;
				CLANG_WARN_OBJC_IMPLICIT_RETAIN_SELF = YES;
				CLANG_WARN_OBJC_LITERAL_CONVERSION = YES;
				CLANG_WARN_OBJC_ROOT_CLASS = YES_ERROR;
				CLANG_WARN_QUOTED_INCLUDE_IN_FRAMEWORK_HEADER = YES;
				CLANG_WARN_RANGE_LOOP_ANALYSIS = YES;
				CLANG_WARN_STRICT_PROTOTYPES = YES;
				CLANG_WARN_SUSPICIOUS_MOVE = YES;
				CLANG_WARN_UNGUARDED_AVAILABILITY = YES_AGGRESSIVE;
				CLANG_WARN_UNREACHABLE_CODE = YES;
				CLANG_WARN__DUPLICATE_METHOD_MATCH = YES;
				COPY_PHASE_STRIP = NO;
				DEBUG_INFORMATION_FORMAT = dwarf;
				ENABLE_STRICT_OBJC_MSGSEND = YES;
				ENABLE_TESTABILITY = YES;
				GCC_C_LANGUAGE_STANDARD = gnu11;
				GCC_DYNAMIC_NO_PIC = NO;
				GCC_NO_COMMON_BLOCKS = YES;
				GCC_OPTIMIZATION_LEVEL = 0;
				GCC_PREPROCESSOR_DEFINITIONS = (
					"DEBUG=1",
					"$(inherited)",
				);
				GCC_WARN_64_TO_32_BIT_CONVERSION = YES;
				GCC_WARN_ABOUT_RETURN_TYPE = YES_ERROR;
				GCC_WARN_UNDECLARED_SELECTOR = YES;
				GCC_WARN_UNINITIALIZED_AUTOS = YES_AGGRESSIVE;
				GCC_WARN_UNUSED_FUNCTION = YES;
				GCC_WARN_UNUSED_VARIABLE = YES;
				IPHONEOS_DEPLOYMENT_TARGET = 14.5;
				MTL_ENABLE_DEBUG_INFO = INCLUDE_SOURCE;
				MTL_FAST_MATH = YES;
				ONLY_ACTIVE_ARCH = YES;
				SDKROOT = iphoneos;
			};
			name = Debug;
		};
		785D06382694EB4200A02D39 /* Release */ = {
			isa = XCBuildConfiguration;
			buildSettings = {
				ALWAYS_SEARCH_USER_PATHS = NO;
				CLANG_ANALYZER_NONNULL = YES;
				CLANG_ANALYZER_NUMBER_OBJECT_CONVERSION = YES_AGGRESSIVE;
				CLANG_CXX_LANGUAGE_STANDARD = "gnu++14";
				CLANG_CXX_LIBRARY = "libc++";
				CLANG_ENABLE_MODULES = YES;
				CLANG_ENABLE_OBJC_ARC = YES;
				CLANG_ENABLE_OBJC_WEAK = YES;
				CLANG_WARN_BLOCK_CAPTURE_AUTORELEASING = YES;
				CLANG_WARN_BOOL_CONVERSION = YES;
				CLANG_WARN_COMMA = YES;
				CLANG_WARN_CONSTANT_CONVERSION = YES;
				CLANG_WARN_DEPRECATED_OBJC_IMPLEMENTATIONS = YES;
				CLANG_WARN_DIRECT_OBJC_ISA_USAGE = YES_ERROR;
				CLANG_WARN_DOCUMENTATION_COMMENTS = YES;
				CLANG_WARN_EMPTY_BODY = YES;
				CLANG_WARN_ENUM_CONVERSION = YES;
				CLANG_WARN_INFINITE_RECURSION = YES;
				CLANG_WARN_INT_CONVERSION = YES;
				CLANG_WARN_NON_LITERAL_NULL_CONVERSION = YES;
				CLANG_WARN_OBJC_IMPLICIT_RETAIN_SELF = YES;
				CLANG_WARN_OBJC_LITERAL_CONVERSION = YES;
				CLANG_WARN_OBJC_ROOT_CLASS = YES_ERROR;
				CLANG_WARN_QUOTED_INCLUDE_IN_FRAMEWORK_HEADER = YES;
				CLANG_WARN_RANGE_LOOP_ANALYSIS = YES;
				CLANG_WARN_STRICT_PROTOTYPES = YES;
				CLANG_WARN_SUSPICIOUS_MOVE = YES;
				CLANG_WARN_UNGUARDED_AVAILABILITY = YES_AGGRESSIVE;
				CLANG_WARN_UNREACHABLE_CODE = YES;
				CLANG_WARN__DUPLICATE_METHOD_MATCH = YES;
				COPY_PHASE_STRIP = NO;
				DEBUG_INFORMATION_FORMAT = "dwarf-with-dsym";
				ENABLE_NS_ASSERTIONS = NO;
				ENABLE_STRICT_OBJC_MSGSEND = YES;
				GCC_C_LANGUAGE_STANDARD = gnu11;
				GCC_NO_COMMON_BLOCKS = YES;
				GCC_WARN_64_TO_32_BIT_CONVERSION = YES;
				GCC_WARN_ABOUT_RETURN_TYPE = YES_ERROR;
				GCC_WARN_UNDECLARED_SELECTOR = YES;
				GCC_WARN_UNINITIALIZED_AUTOS = YES_AGGRESSIVE;
				GCC_WARN_UNUSED_FUNCTION = YES;
				GCC_WARN_UNUSED_VARIABLE = YES;
				IPHONEOS_DEPLOYMENT_TARGET = 14.5;
				MTL_ENABLE_DEBUG_INFO = NO;
				MTL_FAST_MATH = YES;
				SDKROOT = iphoneos;
				VALIDATE_PRODUCT = YES;
			};
			name = Release;
		};
		785D063A2694EB4200A02D39 /* Debug */ = {
			isa = XCBuildConfiguration;
			baseConfigurationReference = 231FEC2CA6CB59D3724A1946 /* Pods-Instagram.debug.xcconfig */;
			buildSettings = {
				ASSETCATALOG_COMPILER_APPICON_NAME = AppIcon;
				ASSETCATALOG_COMPILER_GLOBAL_ACCENT_COLOR_NAME = AccentColor;
				CODE_SIGN_STYLE = Automatic;
				DEVELOPMENT_TEAM = 54U4XNMMRU;
				INFOPLIST_FILE = Instagram/Info.plist;
				LD_RUNPATH_SEARCH_PATHS = (
					"$(inherited)",
					"@executable_path/Frameworks",
				);
				PRODUCT_BUNDLE_IDENTIFIER = com.constanceh.Instagram;
				PRODUCT_NAME = "$(TARGET_NAME)";
				TARGETED_DEVICE_FAMILY = "1,2";
			};
			name = Debug;
		};
		785D063B2694EB4200A02D39 /* Release */ = {
			isa = XCBuildConfiguration;
			baseConfigurationReference = F78AB0E723BB5CD59851F1B7 /* Pods-Instagram.release.xcconfig */;
			buildSettings = {
				ASSETCATALOG_COMPILER_APPICON_NAME = AppIcon;
				ASSETCATALOG_COMPILER_GLOBAL_ACCENT_COLOR_NAME = AccentColor;
				CODE_SIGN_STYLE = Automatic;
				DEVELOPMENT_TEAM = 54U4XNMMRU;
				INFOPLIST_FILE = Instagram/Info.plist;
				LD_RUNPATH_SEARCH_PATHS = (
					"$(inherited)",
					"@executable_path/Frameworks",
				);
				PRODUCT_BUNDLE_IDENTIFIER = com.constanceh.Instagram;
				PRODUCT_NAME = "$(TARGET_NAME)";
				TARGETED_DEVICE_FAMILY = "1,2";
			};
			name = Release;
		};
		785D063D2694EB4200A02D39 /* Debug */ = {
			isa = XCBuildConfiguration;
			baseConfigurationReference = 9E4C4059BAF688A1C7D64224 /* Pods-InstagramTests.debug.xcconfig */;
			buildSettings = {
				BUNDLE_LOADER = "$(TEST_HOST)";
				CODE_SIGN_STYLE = Automatic;
				DEVELOPMENT_TEAM = 54U4XNMMRU;
				INFOPLIST_FILE = InstagramTests/Info.plist;
				IPHONEOS_DEPLOYMENT_TARGET = 14.5;
				LD_RUNPATH_SEARCH_PATHS = (
					"$(inherited)",
					"@executable_path/Frameworks",
					"@loader_path/Frameworks",
				);
				PRODUCT_BUNDLE_IDENTIFIER = com.constanceh.InstagramTests;
				PRODUCT_NAME = "$(TARGET_NAME)";
				TARGETED_DEVICE_FAMILY = "1,2";
				TEST_HOST = "$(BUILT_PRODUCTS_DIR)/Instagram.app/Instagram";
			};
			name = Debug;
		};
		785D063E2694EB4200A02D39 /* Release */ = {
			isa = XCBuildConfiguration;
			baseConfigurationReference = 7DA58F1A6A4094A64C6AEBB0 /* Pods-InstagramTests.release.xcconfig */;
			buildSettings = {
				BUNDLE_LOADER = "$(TEST_HOST)";
				CODE_SIGN_STYLE = Automatic;
				DEVELOPMENT_TEAM = 54U4XNMMRU;
				INFOPLIST_FILE = InstagramTests/Info.plist;
				IPHONEOS_DEPLOYMENT_TARGET = 14.5;
				LD_RUNPATH_SEARCH_PATHS = (
					"$(inherited)",
					"@executable_path/Frameworks",
					"@loader_path/Frameworks",
				);
				PRODUCT_BUNDLE_IDENTIFIER = com.constanceh.InstagramTests;
				PRODUCT_NAME = "$(TARGET_NAME)";
				TARGETED_DEVICE_FAMILY = "1,2";
				TEST_HOST = "$(BUILT_PRODUCTS_DIR)/Instagram.app/Instagram";
			};
			name = Release;
		};
		785D06402694EB4200A02D39 /* Debug */ = {
			isa = XCBuildConfiguration;
			baseConfigurationReference = 25294A9CA1C6164145B3F5B6 /* Pods-Instagram-InstagramUITests.debug.xcconfig */;
			buildSettings = {
				CODE_SIGN_STYLE = Automatic;
				DEVELOPMENT_TEAM = 54U4XNMMRU;
				INFOPLIST_FILE = InstagramUITests/Info.plist;
				LD_RUNPATH_SEARCH_PATHS = (
					"$(inherited)",
					"@executable_path/Frameworks",
					"@loader_path/Frameworks",
				);
				PRODUCT_BUNDLE_IDENTIFIER = com.constanceh.InstagramUITests;
				PRODUCT_NAME = "$(TARGET_NAME)";
				TARGETED_DEVICE_FAMILY = "1,2";
				TEST_TARGET_NAME = Instagram;
			};
			name = Debug;
		};
		785D06412694EB4200A02D39 /* Release */ = {
			isa = XCBuildConfiguration;
			baseConfigurationReference = DD41CAC51BA660ECD6EED005 /* Pods-Instagram-InstagramUITests.release.xcconfig */;
			buildSettings = {
				CODE_SIGN_STYLE = Automatic;
				DEVELOPMENT_TEAM = 54U4XNMMRU;
				INFOPLIST_FILE = InstagramUITests/Info.plist;
				LD_RUNPATH_SEARCH_PATHS = (
					"$(inherited)",
					"@executable_path/Frameworks",
					"@loader_path/Frameworks",
				);
				PRODUCT_BUNDLE_IDENTIFIER = com.constanceh.InstagramUITests;
				PRODUCT_NAME = "$(TARGET_NAME)";
				TARGETED_DEVICE_FAMILY = "1,2";
				TEST_TARGET_NAME = Instagram;
			};
			name = Release;
		};
/* End XCBuildConfiguration section */

/* Begin XCConfigurationList section */
		785D06052694EB4100A02D39 /* Build configuration list for PBXProject "Instagram" */ = {
			isa = XCConfigurationList;
			buildConfigurations = (
				785D06372694EB4200A02D39 /* Debug */,
				785D06382694EB4200A02D39 /* Release */,
			);
			defaultConfigurationIsVisible = 0;
			defaultConfigurationName = Release;
		};
		785D06392694EB4200A02D39 /* Build configuration list for PBXNativeTarget "Instagram" */ = {
			isa = XCConfigurationList;
			buildConfigurations = (
				785D063A2694EB4200A02D39 /* Debug */,
				785D063B2694EB4200A02D39 /* Release */,
			);
			defaultConfigurationIsVisible = 0;
			defaultConfigurationName = Release;
		};
		785D063C2694EB4200A02D39 /* Build configuration list for PBXNativeTarget "InstagramTests" */ = {
			isa = XCConfigurationList;
			buildConfigurations = (
				785D063D2694EB4200A02D39 /* Debug */,
				785D063E2694EB4200A02D39 /* Release */,
			);
			defaultConfigurationIsVisible = 0;
			defaultConfigurationName = Release;
		};
		785D063F2694EB4200A02D39 /* Build configuration list for PBXNativeTarget "InstagramUITests" */ = {
			isa = XCConfigurationList;
			buildConfigurations = (
				785D06402694EB4200A02D39 /* Debug */,
				785D06412694EB4200A02D39 /* Release */,
			);
			defaultConfigurationIsVisible = 0;
			defaultConfigurationName = Release;
		};
/* End XCConfigurationList section */
	};
	rootObject = 785D06022694EB4100A02D39 /* Project object */;
}
